
Microsoft Visual Studio Solution File, Format Version 12.00
# Visual Studio Version 17
VisualStudioVersion = 17.10.34916.146
MinimumVisualStudioVersion = 10.0.40219.1
Project("{FAE04EC0-301F-11D3-BF4B-00C04F79EFBC}") = "FitRectangle", "FitRectangle\FitRectangle.csproj", "{D1D477CE-4915-4589-A997-72A4DB19A5DB}"
EndProject
Project("{FAE04EC0-301F-11D3-BF4B-00C04F79EFBC}") = "FitRectangleUnitTests", "FitRectangleUnitTests\FitRectangleUnitTests.csproj", "{4755D1E9-AAFA-470C-B8AE-B57B17B8FCCC}"
EndProject
Global
	GlobalSection(SolutionConfigurationPlatforms) = preSolution
		Debug|Any CPU = Debug|Any CPU
		Release|Any CPU = Release|Any CPU
	EndGlobalSection
	GlobalSection(ProjectConfigurationPlatforms) = postSolution
		{D1D477CE-4915-4589-A997-72A4DB19A5DB}.Debug|Any CPU.ActiveCfg = Debug|Any CPU
		{D1D477CE-4915-4589-A997-72A4DB19A5DB}.Debug|Any CPU.Build.0 = Debug|Any CPU
		{D1D477CE-4915-4589-A997-72A4DB19A5DB}.Release|Any CPU.ActiveCfg = Release|Any CPU
		{D1D477CE-4915-4589-A997-72A4DB19A5DB}.Release|Any CPU.Build.0 = Release|Any CPU
		{4755D1E9-AAFA-470C-B8AE-B57B17B8FCCC}.Debug|Any CPU.ActiveCfg = Debug|Any CPU
		{4755D1E9-AAFA-470C-B8AE-B57B17B8FCCC}.Debug|Any CPU.Build.0 = Debug|Any CPU
		{4755D1E9-AAFA-470C-B8AE-B57B17B8FCCC}.Release|Any CPU.ActiveCfg = Release|Any CPU
		{4755D1E9-AAFA-470C-B8AE-B57B17B8FCCC}.Release|Any CPU.Build.0 = Release|Any CPU
	EndGlobalSection
	GlobalSection(SolutionProperties) = preSolution
		HideSolutionNode = FALSE
	EndGlobalSection
	GlobalSection(ExtensibilityGlobals) = postSolution
		SolutionGuid = {A333B520-803A-43F2-8714-C6E7596BCAA2}
	EndGlobalSection
EndGlobal
